
Microsoft Visual Studio Solution File, Format Version 12.00
# Visual Studio Version 17
VisualStudioVersion = 17.6.33723.286
MinimumVisualStudioVersion = 10.0.40219.1
Project("{FAE04EC0-301F-11D3-BF4B-00C04F79EFBC}") = "wcfPostgreSQL", "wcfPostgreSQL\wcfPostgreSQL.csproj", "{1AABBDC1-0403-4C6A-896D-47625B586472}"
EndProject
Project("{FAE04EC0-301F-11D3-BF4B-00C04F79EFBC}") = "Host", "Host\Host.csproj", "{28FE1684-9A55-4495-8FFF-2BFA2A3464B1}"
EndProject
Project("{FAE04EC0-301F-11D3-BF4B-00C04F79EFBC}") = "ClientAsp", "ClientAsp\ClientAsp.csproj", "{192F31DA-DEB5-4044-B3BA-BA750BB73578}"
EndProject
Global
	GlobalSection(SolutionConfigurationPlatforms) = preSolution
		Debug|Any CPU = Debug|Any CPU
		Release|Any CPU = Release|Any CPU
	EndGlobalSection
	GlobalSection(ProjectConfigurationPlatforms) = postSolution
		{1AABBDC1-0403-4C6A-896D-47625B586472}.Debug|Any CPU.ActiveCfg = Debug|Any CPU
		{1AABBDC1-0403-4C6A-896D-47625B586472}.Debug|Any CPU.Build.0 = Debug|Any CPU
		{1AABBDC1-0403-4C6A-896D-47625B586472}.Release|Any CPU.ActiveCfg = Release|Any CPU
		{1AABBDC1-0403-4C6A-896D-47625B586472}.Release|Any CPU.Build.0 = Release|Any CPU
		{28FE1684-9A55-4495-8FFF-2BFA2A3464B1}.Debug|Any CPU.ActiveCfg = Debug|Any CPU
		{28FE1684-9A55-4495-8FFF-2BFA2A3464B1}.Debug|Any CPU.Build.0 = Debug|Any CPU
		{28FE1684-9A55-4495-8FFF-2BFA2A3464B1}.Release|Any CPU.ActiveCfg = Release|Any CPU
		{28FE1684-9A55-4495-8FFF-2BFA2A3464B1}.Release|Any CPU.Build.0 = Release|Any CPU
		{192F31DA-DEB5-4044-B3BA-BA750BB73578}.Debug|Any CPU.ActiveCfg = Debug|Any CPU
		{192F31DA-DEB5-4044-B3BA-BA750BB73578}.Debug|Any CPU.Build.0 = Debug|Any CPU
		{192F31DA-DEB5-4044-B3BA-BA750BB73578}.Release|Any CPU.ActiveCfg = Release|Any CPU
		{192F31DA-DEB5-4044-B3BA-BA750BB73578}.Release|Any CPU.Build.0 = Release|Any CPU
	EndGlobalSection
	GlobalSection(SolutionProperties) = preSolution
		HideSolutionNode = FALSE
	EndGlobalSection
	GlobalSection(ExtensibilityGlobals) = postSolution
		SolutionGuid = {39D28248-639E-464F-AFA4-3C2EEC5098F4}
	EndGlobalSection
EndGlobal
